// !$*UTF8*$!
{
	archiveVersion = 1;
	classes = {
	};
	objectVersion = 56;
	objects = {

/* Begin PBXBuildFile section */
		B20F507D28DD5ABC005A730E /* LogoView.swift in Sources */ = {isa = PBXBuildFile; fileRef = B20F507C28DD5ABC005A730E /* LogoView.swift */; };
		B20F507F28DD5AF6005A730E /* Modifiers.swift in Sources */ = {isa = PBXBuildFile; fileRef = B20F507E28DD5AF6005A730E /* Modifiers.swift */; };
		B20F508128DD5FB5005A730E /* Extensions.swift in Sources */ = {isa = PBXBuildFile; fileRef = B20F508028DD5FB5005A730E /* Extensions.swift */; };
		B20F508328DD626E005A730E /* ReelView.swift in Sources */ = {isa = PBXBuildFile; fileRef = B20F508228DD626E005A730E /* ReelView.swift */; };
		B20F508528DD6A2B005A730E /* InfoView.swift in Sources */ = {isa = PBXBuildFile; fileRef = B20F508428DD6A2B005A730E /* InfoView.swift */; };
		B20F508728DD9DDA005A730E /* PlaySound.swift in Sources */ = {isa = PBXBuildFile; fileRef = B20F508628DD9DDA005A730E /* PlaySound.swift */; };
		B20F509128DDA0A3005A730E /* game-over.mp3 in Resources */ = {isa = PBXBuildFile; fileRef = B20F508F28DDA082005A730E /* game-over.mp3 */; };
		B20F509228DDA0A3005A730E /* win.mp3 in Resources */ = {isa = PBXBuildFile; fileRef = B20F508828DDA081005A730E /* win.mp3 */; };
		B20F509328DDA0A3005A730E /* high-score.mp3 in Resources */ = {isa = PBXBuildFile; fileRef = B20F508E28DDA082005A730E /* high-score.mp3 */; };
		B20F509428DDA0A3005A730E /* riseup.mp3 in Resources */ = {isa = PBXBuildFile; fileRef = B20F508B28DDA081005A730E /* riseup.mp3 */; };
		B20F509528DDA0A3005A730E /* spin.mp3 in Resources */ = {isa = PBXBuildFile; fileRef = B20F508D28DDA082005A730E /* spin.mp3 */; };
		B20F509628DDA0A3005A730E /* chimeup.mp3 in Resources */ = {isa = PBXBuildFile; fileRef = B20F508928DDA081005A730E /* chimeup.mp3 */; };
		B20F509728DDA0A3005A730E /* background-music.mp3 in Resources */ = {isa = PBXBuildFile; fileRef = B20F508A28DDA081005A730E /* background-music.mp3 */; };
		B20F509828DDA0A3005A730E /* casino-chips.mp3 in Resources */ = {isa = PBXBuildFile; fileRef = B20F508C28DDA081005A730E /* casino-chips.mp3 */; };
		B2F6479328DCE15700E17A65 /* SlotMachineGameAppApp.swift in Sources */ = {isa = PBXBuildFile; fileRef = B2F6479228DCE15700E17A65 /* SlotMachineGameAppApp.swift */; };
		B2F6479528DCE15700E17A65 /* ContentView.swift in Sources */ = {isa = PBXBuildFile; fileRef = B2F6479428DCE15700E17A65 /* ContentView.swift */; };
		B2F6479728DCE15900E17A65 /* Assets.xcassets in Resources */ = {isa = PBXBuildFile; fileRef = B2F6479628DCE15900E17A65 /* Assets.xcassets */; };
		B2F6479A28DCE15900E17A65 /* Preview Assets.xcassets in Resources */ = {isa = PBXBuildFile; fileRef = B2F6479928DCE15900E17A65 /* Preview Assets.xcassets */; };
/* End PBXBuildFile section */

/* Begin PBXFileReference section */
		B20F507C28DD5ABC005A730E /* LogoView.swift */ = {isa = PBXFileReference; lastKnownFileType = sourcecode.swift; path = LogoView.swift; sourceTree = "<group>"; };
		B20F507E28DD5AF6005A730E /* Modifiers.swift */ = {isa = PBXFileReference; lastKnownFileType = sourcecode.swift; path = Modifiers.swift; sourceTree = "<group>"; };
		B20F508028DD5FB5005A730E /* Extensions.swift */ = {isa = PBXFileReference; lastKnownFileType = sourcecode.swift; path = Extensions.swift; sourceTree = "<group>"; };
		B20F508228DD626E005A730E /* ReelView.swift */ = {isa = PBXFileReference; lastKnownFileType = sourcecode.swift; path = ReelView.swift; sourceTree = "<group>"; };
		B20F508428DD6A2B005A730E /* InfoView.swift */ = {isa = PBXFileReference; lastKnownFileType = sourcecode.swift; path = InfoView.swift; sourceTree = "<group>"; };
		B20F508628DD9DDA005A730E /* PlaySound.swift */ = {isa = PBXFileReference; lastKnownFileType = sourcecode.swift; path = PlaySound.swift; sourceTree = "<group>"; };
		B20F508828DDA081005A730E /* win.mp3 */ = {isa = PBXFileReference; lastKnownFileType = audio.mp3; path = win.mp3; sourceTree = "<group>"; };
		B20F508928DDA081005A730E /* chimeup.mp3 */ = {isa = PBXFileReference; lastKnownFileType = audio.mp3; path = chimeup.mp3; sourceTree = "<group>"; };
		B20F508A28DDA081005A730E /* background-music.mp3 */ = {isa = PBXFileReference; lastKnownFileType = audio.mp3; path = "background-music.mp3"; sourceTree = "<group>"; };
		B20F508B28DDA081005A730E /* riseup.mp3 */ = {isa = PBXFileReference; lastKnownFileType = audio.mp3; path = riseup.mp3; sourceTree = "<group>"; };
		B20F508C28DDA081005A730E /* casino-chips.mp3 */ = {isa = PBXFileReference; lastKnownFileType = audio.mp3; path = "casino-chips.mp3"; sourceTree = "<group>"; };
		B20F508D28DDA082005A730E /* spin.mp3 */ = {isa = PBXFileReference; lastKnownFileType = audio.mp3; path = spin.mp3; sourceTree = "<group>"; };
		B20F508E28DDA082005A730E /* high-score.mp3 */ = {isa = PBXFileReference; lastKnownFileType = audio.mp3; path = "high-score.mp3"; sourceTree = "<group>"; };
		B20F508F28DDA082005A730E /* game-over.mp3 */ = {isa = PBXFileReference; lastKnownFileType = audio.mp3; path = "game-over.mp3"; sourceTree = "<group>"; };
		B2F6478F28DCE15700E17A65 /* SlotMachineGameApp.app */ = {isa = PBXFileReference; explicitFileType = wrapper.application; includeInIndex = 0; path = SlotMachineGameApp.app; sourceTree = BUILT_PRODUCTS_DIR; };
		B2F6479228DCE15700E17A65 /* SlotMachineGameAppApp.swift */ = {isa = PBXFileReference; lastKnownFileType = sourcecode.swift; path = SlotMachineGameAppApp.swift; sourceTree = "<group>"; };
		B2F6479428DCE15700E17A65 /* ContentView.swift */ = {isa = PBXFileReference; lastKnownFileType = sourcecode.swift; path = ContentView.swift; sourceTree = "<group>"; };
		B2F6479628DCE15900E17A65 /* Assets.xcassets */ = {isa = PBXFileReference; lastKnownFileType = folder.assetcatalog; path = Assets.xcassets; sourceTree = "<group>"; };
		B2F6479928DCE15900E17A65 /* Preview Assets.xcassets */ = {isa = PBXFileReference; lastKnownFileType = folder.assetcatalog; path = "Preview Assets.xcassets"; sourceTree = "<group>"; };
		B2F647A428DCE35200E17A65 /* Info.plist */ = {isa = PBXFileReference; lastKnownFileType = text.plist; path = Info.plist; sourceTree = "<group>"; };
/* End PBXFileReference section */

/* Begin PBXFrameworksBuildPhase section */
		B2F6478C28DCE15700E17A65 /* Frameworks */ = {
			isa = PBXFrameworksBuildPhase;
			buildActionMask = 2147483647;
			files = (
			);
			runOnlyForDeploymentPostprocessing = 0;
		};
/* End PBXFrameworksBuildPhase section */

/* Begin PBXGroup section */
		B20F509028DDA091005A730E /* Sounds */ = {
			isa = PBXGroup;
			children = (
				B20F508A28DDA081005A730E /* background-music.mp3 */,
				B20F508C28DDA081005A730E /* casino-chips.mp3 */,
				B20F508928DDA081005A730E /* chimeup.mp3 */,
				B20F508F28DDA082005A730E /* game-over.mp3 */,
				B20F508E28DDA082005A730E /* high-score.mp3 */,
				B20F508B28DDA081005A730E /* riseup.mp3 */,
				B20F508D28DDA082005A730E /* spin.mp3 */,
				B20F508828DDA081005A730E /* win.mp3 */,
			);
			path = Sounds;
			sourceTree = "<group>";
		};
		B2F6478628DCE15700E17A65 = {
			isa = PBXGroup;
			children = (
				B2F6479128DCE15700E17A65 /* SlotMachineGameApp */,
				B2F6479028DCE15700E17A65 /* Products */,
			);
			sourceTree = "<group>";
		};
		B2F6479028DCE15700E17A65 /* Products */ = {
			isa = PBXGroup;
			children = (
				B2F6478F28DCE15700E17A65 /* SlotMachineGameApp.app */,
			);
			name = Products;
			sourceTree = "<group>";
		};
		B2F6479128DCE15700E17A65 /* SlotMachineGameApp */ = {
			isa = PBXGroup;
			children = (
				B2F647A428DCE35200E17A65 /* Info.plist */,
				B2F6479228DCE15700E17A65 /* SlotMachineGameAppApp.swift */,
				B2F647A228DCE2FD00E17A65 /* Views */,
				B2F647A328DCE30C00E17A65 /* Helpers */,
				B2F6479628DCE15900E17A65 /* Assets.xcassets */,
				B2F6479828DCE15900E17A65 /* Preview Content */,
			);
			path = SlotMachineGameApp;
			sourceTree = "<group>";
		};
		B2F6479828DCE15900E17A65 /* Preview Content */ = {
			isa = PBXGroup;
			children = (
				B2F6479928DCE15900E17A65 /* Preview Assets.xcassets */,
			);
			path = "Preview Content";
			sourceTree = "<group>";
		};
		B2F647A228DCE2FD00E17A65 /* Views */ = {
			isa = PBXGroup;
			children = (
				B2F6479428DCE15700E17A65 /* ContentView.swift */,
				B20F507C28DD5ABC005A730E /* LogoView.swift */,
				B20F508228DD626E005A730E /* ReelView.swift */,
				B20F508428DD6A2B005A730E /* InfoView.swift */,
			);
			path = Views;
			sourceTree = "<group>";
		};
		B2F647A328DCE30C00E17A65 /* Helpers */ = {
			isa = PBXGroup;
			children = (
				B20F507E28DD5AF6005A730E /* Modifiers.swift */,
				B20F508028DD5FB5005A730E /* Extensions.swift */,
				B20F508628DD9DDA005A730E /* PlaySound.swift */,
				B20F509028DDA091005A730E /* Sounds */,
			);
			path = Helpers;
			sourceTree = "<group>";
		};
/* End PBXGroup section */

/* Begin PBXNativeTarget section */
		B2F6478E28DCE15700E17A65 /* SlotMachineGameApp */ = {
			isa = PBXNativeTarget;
			buildConfigurationList = B2F6479D28DCE15900E17A65 /* Build configuration list for PBXNativeTarget "SlotMachineGameApp" */;
			buildPhases = (
				B2F6478B28DCE15700E17A65 /* Sources */,
				B2F6478C28DCE15700E17A65 /* Frameworks */,
				B2F6478D28DCE15700E17A65 /* Resources */,
			);
			buildRules = (
			);
			dependencies = (
			);
			name = SlotMachineGameApp;
			productName = SlotMachineGameApp;
			productReference = B2F6478F28DCE15700E17A65 /* SlotMachineGameApp.app */;
			productType = "com.apple.product-type.application";
		};
/* End PBXNativeTarget section */

/* Begin PBXProject section */
		B2F6478728DCE15700E17A65 /* Project object */ = {
			isa = PBXProject;
			attributes = {
				BuildIndependentTargetsInParallel = 1;
				LastSwiftUpdateCheck = 1400;
				LastUpgradeCheck = 1400;
				TargetAttributes = {
					B2F6478E28DCE15700E17A65 = {
						CreatedOnToolsVersion = 14.0;
					};
				};
			};
			buildConfigurationList = B2F6478A28DCE15700E17A65 /* Build configuration list for PBXProject "SlotMachineGameApp" */;
			compatibilityVersion = "Xcode 14.0";
			developmentRegion = en;
			hasScannedForEncodings = 0;
			knownRegions = (
				en,
				Base,
			);
			mainGroup = B2F6478628DCE15700E17A65;
			productRefGroup = B2F6479028DCE15700E17A65 /* Products */;
			projectDirPath = "";
			projectRoot = "";
			targets = (
				B2F6478E28DCE15700E17A65 /* SlotMachineGameApp */,
			);
		};
/* End PBXProject section */

/* Begin PBXResourcesBuildPhase section */
		B2F6478D28DCE15700E17A65 /* Resources */ = {
			isa = PBXResourcesBuildPhase;
			buildActionMask = 2147483647;
			files = (
				B20F509428DDA0A3005A730E /* riseup.mp3 in Resources */,
				B20F509728DDA0A3005A730E /* background-music.mp3 in Resources */,
				B20F509328DDA0A3005A730E /* high-score.mp3 in Resources */,
				B2F6479A28DCE15900E17A65 /* Preview Assets.xcassets in Resources */,
				B20F509528DDA0A3005A730E /* spin.mp3 in Resources */,
				B20F509628DDA0A3005A730E /* chimeup.mp3 in Resources */,
				B20F509128DDA0A3005A730E /* game-over.mp3 in Resources */,
				B2F6479728DCE15900E17A65 /* Assets.xcassets in Resources */,
				B20F509228DDA0A3005A730E /* win.mp3 in Resources */,
				B20F509828DDA0A3005A730E /* casino-chips.mp3 in Resources */,
			);
			runOnlyForDeploymentPostprocessing = 0;
		};
/* End PBXResourcesBuildPhase section */

/* Begin PBXSourcesBuildPhase section */
		B2F6478B28DCE15700E17A65 /* Sources */ = {
			isa = PBXSourcesBuildPhase;
			buildActionMask = 2147483647;
			files = (
				B20F508328DD626E005A730E /* ReelView.swift in Sources */,
				B20F508728DD9DDA005A730E /* PlaySound.swift in Sources */,
				B20F508128DD5FB5005A730E /* Extensions.swift in Sources */,
				B20F507F28DD5AF6005A730E /* Modifiers.swift in Sources */,
				B2F6479528DCE15700E17A65 /* ContentView.swift in Sources */,
				B20F507D28DD5ABC005A730E /* LogoView.swift in Sources */,
				B2F6479328DCE15700E17A65 /* SlotMachineGameAppApp.swift in Sources */,
				B20F508528DD6A2B005A730E /* InfoView.swift in Sources */,
			);
			runOnlyForDeploymentPostprocessing = 0;
		};
/* End PBXSourcesBuildPhase section */

/* Begin XCBuildConfiguration section */
		B2F6479B28DCE15900E17A65 /* Debug */ = {
			isa = XCBuildConfiguration;
			buildSettings = {
				ALWAYS_SEARCH_USER_PATHS = NO;
				CLANG_ANALYZER_NONNULL = YES;
				CLANG_ANALYZER_NUMBER_OBJECT_CONVERSION = YES_AGGRESSIVE;
				CLANG_CXX_LANGUAGE_STANDARD = "gnu++20";
				CLANG_ENABLE_MODULES = YES;
				CLANG_ENABLE_OBJC_ARC = YES;
				CLANG_ENABLE_OBJC_WEAK = YES;
				CLANG_WARN_BLOCK_CAPTURE_AUTORELEASING = YES;
				CLANG_WARN_BOOL_CONVERSION = YES;
				CLANG_WARN_COMMA = YES;
				CLANG_WARN_CONSTANT_CONVERSION = YES;
				CLANG_WARN_DEPRECATED_OBJC_IMPLEMENTATIONS = YES;
				CLANG_WARN_DIRECT_OBJC_ISA_USAGE = YES_ERROR;
				CLANG_WARN_DOCUMENTATION_COMMENTS = YES;
				CLANG_WARN_EMPTY_BODY = YES;
				CLANG_WARN_ENUM_CONVERSION = YES;
				CLANG_WARN_INFINITE_RECURSION = YES;
				CLANG_WARN_INT_CONVERSION = YES;
				CLANG_WARN_NON_LITERAL_NULL_CONVERSION = YES;
				CLANG_WARN_OBJC_IMPLICIT_RETAIN_SELF = YES;
				CLANG_WARN_OBJC_LITERAL_CONVERSION = YES;
				CLANG_WARN_OBJC_ROOT_CLASS = YES_ERROR;
				CLANG_WARN_QUOTED_INCLUDE_IN_FRAMEWORK_HEADER = YES;
				CLANG_WARN_RANGE_LOOP_ANALYSIS = YES;
				CLANG_WARN_STRICT_PROTOTYPES = YES;
				CLANG_WARN_SUSPICIOUS_MOVE = YES;
				CLANG_WARN_UNGUARDED_AVAILABILITY = YES_AGGRESSIVE;
				CLANG_WARN_UNREACHABLE_CODE = YES;
				CLANG_WARN__DUPLICATE_METHOD_MATCH = YES;
				COPY_PHASE_STRIP = NO;
				DEBUG_INFORMATION_FORMAT = dwarf;
				ENABLE_STRICT_OBJC_MSGSEND = YES;
				ENABLE_TESTABILITY = YES;
				GCC_C_LANGUAGE_STANDARD = gnu11;
				GCC_DYNAMIC_NO_PIC = NO;
				GCC_NO_COMMON_BLOCKS = YES;
				GCC_OPTIMIZATION_LEVEL = 0;
				GCC_PREPROCESSOR_DEFINITIONS = (
					"DEBUG=1",
					"$(inherited)",
				);
				GCC_WARN_64_TO_32_BIT_CONVERSION = YES;
				GCC_WARN_ABOUT_RETURN_TYPE = YES_ERROR;
				GCC_WARN_UNDECLARED_SELECTOR = YES;
				GCC_WARN_UNINITIALIZED_AUTOS = YES_AGGRESSIVE;
				GCC_WARN_UNUSED_FUNCTION = YES;
				GCC_WARN_UNUSED_VARIABLE = YES;
				IPHONEOS_DEPLOYMENT_TARGET = 16.0;
				MTL_ENABLE_DEBUG_INFO = INCLUDE_SOURCE;
				MTL_FAST_MATH = YES;
				ONLY_ACTIVE_ARCH = YES;
				SDKROOT = iphoneos;
				SWIFT_ACTIVE_COMPILATION_CONDITIONS = DEBUG;
				SWIFT_OPTIMIZATION_LEVEL = "-Onone";
			};
			name = Debug;
		};
		B2F6479C28DCE15900E17A65 /* Release */ = {
			isa = XCBuildConfiguration;
			buildSettings = {
				ALWAYS_SEARCH_USER_PATHS = NO;
				CLANG_ANALYZER_NONNULL = YES;
				CLANG_ANALYZER_NUMBER_OBJECT_CONVERSION = YES_AGGRESSIVE;
				CLANG_CXX_LANGUAGE_STANDARD = "gnu++20";
				CLANG_ENABLE_MODULES = YES;
				CLANG_ENABLE_OBJC_ARC = YES;
				CLANG_ENABLE_OBJC_WEAK = YES;
				CLANG_WARN_BLOCK_CAPTURE_AUTORELEASING = YES;
				CLANG_WARN_BOOL_CONVERSION = YES;
				CLANG_WARN_COMMA = YES;
				CLANG_WARN_CONSTANT_CONVERSION = YES;
				CLANG_WARN_DEPRECATED_OBJC_IMPLEMENTATIONS = YES;
				CLANG_WARN_DIRECT_OBJC_ISA_USAGE = YES_ERROR;
				CLANG_WARN_DOCUMENTATION_COMMENTS = YES;
				CLANG_WARN_EMPTY_BODY = YES;
				CLANG_WARN_ENUM_CONVERSION = YES;
				CLANG_WARN_INFINITE_RECURSION = YES;
				CLANG_WARN_INT_CONVERSION = YES;
				CLANG_WARN_NON_LITERAL_NULL_CONVERSION = YES;
				CLANG_WARN_OBJC_IMPLICIT_RETAIN_SELF = YES;
				CLANG_WARN_OBJC_LITERAL_CONVERSION = YES;
				CLANG_WARN_OBJC_ROOT_CLASS = YES_ERROR;
				CLANG_WARN_QUOTED_INCLUDE_IN_FRAMEWORK_HEADER = YES;
				CLANG_WARN_RANGE_LOOP_ANALYSIS = YES;
				CLANG_WARN_STRICT_PROTOTYPES = YES;
				CLANG_WARN_SUSPICIOUS_MOVE = YES;
				CLANG_WARN_UNGUARDED_AVAILABILITY = YES_AGGRESSIVE;
				CLANG_WARN_UNREACHABLE_CODE = YES;
				CLANG_WARN__DUPLICATE_METHOD_MATCH = YES;
				COPY_PHASE_STRIP = NO;
				DEBUG_INFORMATION_FORMAT = "dwarf-with-dsym";
				ENABLE_NS_ASSERTIONS = NO;
				ENABLE_STRICT_OBJC_MSGSEND = YES;
				GCC_C_LANGUAGE_STANDARD = gnu11;
				GCC_NO_COMMON_BLOCKS = YES;
				GCC_WARN_64_TO_32_BIT_CONVERSION = YES;
				GCC_WARN_ABOUT_RETURN_TYPE = YES_ERROR;
				GCC_WARN_UNDECLARED_SELECTOR = YES;
				GCC_WARN_UNINITIALIZED_AUTOS = YES_AGGRESSIVE;
				GCC_WARN_UNUSED_FUNCTION = YES;
				GCC_WARN_UNUSED_VARIABLE = YES;
				IPHONEOS_DEPLOYMENT_TARGET = 16.0;
				MTL_ENABLE_DEBUG_INFO = NO;
				MTL_FAST_MATH = YES;
				SDKROOT = iphoneos;
				SWIFT_COMPILATION_MODE = wholemodule;
				SWIFT_OPTIMIZATION_LEVEL = "-O";
				VALIDATE_PRODUCT = YES;
			};
			name = Release;
		};
		B2F6479E28DCE15900E17A65 /* Debug */ = {
			isa = XCBuildConfiguration;
			buildSettings = {
				ASSETCATALOG_COMPILER_APPICON_NAME = AppIcon;
				ASSETCATALOG_COMPILER_GLOBAL_ACCENT_COLOR_NAME = AccentColor;
				CODE_SIGN_STYLE = Automatic;
				CURRENT_PROJECT_VERSION = 1;
				DEVELOPMENT_ASSET_PATHS = "\"SlotMachineGameApp/Preview Content\"";
				ENABLE_PREVIEWS = YES;
				GENERATE_INFOPLIST_FILE = YES;
				INFOPLIST_FILE = SlotMachineGameApp/Info.plist;
				INFOPLIST_KEY_UIApplicationSceneManifest_Generation = YES;
				INFOPLIST_KEY_UIApplicationSupportsIndirectInputEvents = YES;
				INFOPLIST_KEY_UISupportedInterfaceOrientations_iPad = "UIInterfaceOrientationPortrait UIInterfaceOrientationPortraitUpsideDown UIInterfaceOrientationLandscapeLeft UIInterfaceOrientationLandscapeRight";
				INFOPLIST_KEY_UISupportedInterfaceOrientations_iPhone = "UIInterfaceOrientationPortrait UIInterfaceOrientationLandscapeLeft UIInterfaceOrientationLandscapeRight";
				LD_RUNPATH_SEARCH_PATHS = (
					"$(inherited)",
					"@executable_path/Frameworks",
				);
				MARKETING_VERSION = 1.0;
				PRODUCT_BUNDLE_IDENTIFIER = com.thoughtworks.SlotMachineGameApp;
				PRODUCT_NAME = "$(TARGET_NAME)";
				SWIFT_EMIT_LOC_STRINGS = YES;
				SWIFT_VERSION = 5.0;
				TARGETED_DEVICE_FAMILY = "1,2";
			};
			name = Debug;
		};
		B2F6479F28DCE15900E17A65 /* Release */ = {
			isa = XCBuildConfiguration;
			buildSettings = {
				ASSETCATALOG_COMPILER_APPICON_NAME = AppIcon;
				ASSETCATALOG_COMPILER_GLOBAL_ACCENT_COLOR_NAME = AccentColor;
				CODE_SIGN_STYLE = Automatic;
				CURRENT_PROJECT_VERSION = 1;
				DEVELOPMENT_ASSET_PATHS = "\"SlotMachineGameApp/Preview Content\"";
				ENABLE_PREVIEWS = YES;
				GENERATE_INFOPLIST_FILE = YES;
				INFOPLIST_FILE = SlotMachineGameApp/Info.plist;
				INFOPLIST_KEY_UIApplicationSceneManifest_Generation = YES;
				INFOPLIST_KEY_UIApplicationSupportsIndirectInputEvents = YES;
				INFOPLIST_KEY_UISupportedInterfaceOrientations_iPad = "UIInterfaceOrientationPortrait UIInterfaceOrientationPortraitUpsideDown UIInterfaceOrientationLandscapeLeft UIInterfaceOrientationLandscapeRight";
				INFOPLIST_KEY_UISupportedInterfaceOrientations_iPhone = "UIInterfaceOrientationPortrait UIInterfaceOrientationLandscapeLeft UIInterfaceOrientationLandscapeRight";
				LD_RUNPATH_SEARCH_PATHS = (
					"$(inherited)",
					"@executable_path/Frameworks",
				);
				MARKETING_VERSION = 1.0;
				PRODUCT_BUNDLE_IDENTIFIER = com.thoughtworks.SlotMachineGameApp;
				PRODUCT_NAME = "$(TARGET_NAME)";
				SWIFT_EMIT_LOC_STRINGS = YES;
				SWIFT_VERSION = 5.0;
				TARGETED_DEVICE_FAMILY = "1,2";
			};
			name = Release;
		};
/* End XCBuildConfiguration section */

/* Begin XCConfigurationList section */
		B2F6478A28DCE15700E17A65 /* Build configuration list for PBXProject "SlotMachineGameApp" */ = {
			isa = XCConfigurationList;
			buildConfigurations = (
				B2F6479B28DCE15900E17A65 /* Debug */,
				B2F6479C28DCE15900E17A65 /* Release */,
			);
			defaultConfigurationIsVisible = 0;
			defaultConfigurationName = Release;
		};
		B2F6479D28DCE15900E17A65 /* Build configuration list for PBXNativeTarget "SlotMachineGameApp" */ = {
			isa = XCConfigurationList;
			buildConfigurations = (
				B2F6479E28DCE15900E17A65 /* Debug */,
				B2F6479F28DCE15900E17A65 /* Release */,
			);
			defaultConfigurationIsVisible = 0;
			defaultConfigurationName = Release;
		};
/* End XCConfigurationList section */
	};
	rootObject = B2F6478728DCE15700E17A65 /* Project object */;
}
